<?xml version="1.0" encoding="utf-8"?>
<Project ToolsVersion="4.0" xmlns="http://schemas.microsoft.com/developer/msbuild/2003">
  <ItemGroup>
    <Filter Include="源文件">
      <UniqueIdentifier>{4FC737F1-C7A5-4376-A066-2A32D752A2FF}</UniqueIdentifier>
      <Extensions>cpp;c;cc;cxx;def;odl;idl;hpj;bat;asm;asmx</Extensions>
    </Filter>
    <Filter Include="头文件">
      <UniqueIdentifier>{93995380-89BD-4b04-88EB-625FBE52EBFB}</UniqueIdentifier>
      <Extensions>h;hh;hpp;hxx;hm;inl;inc;ipp;xsd</Extensions>
    </Filter>
    <Filter Include="资源文件">
      <UniqueIdentifier>{67DA6AB6-F800-4c08-8B7A-83BB121AAD01}</UniqueIdentifier>
      <Extensions>rc;ico;cur;bmp;dlg;rc2;rct;bin;rgs;gif;jpg;jpeg;jpe;resx;tiff;tif;png;wav;mfcribbon-ms</Extensions>
    </Filter>
  </ItemGroup>
  <ItemGroup>
    <ClCompile Include="src\ApiClient.cpp">
      <Filter>源文件</Filter>
    </ClCompile>
    <ClCompile Include="lib\aes\aes.c">
      <Filter>源文件</Filter>
    </ClCompile>
    <ClCompile Include="lib\md5\md5.c">
      <Filter>源文件</Filter>
    </ClCompile>
    <ClCompile Include="lib\sha1\sha1.c">
      <Filter>源文件</Filter>
    </ClCompile>
    <ClCompile Include="src\CGSSAssetsDownloader.cpp">
      <Filter>源文件</Filter>
    </ClCompile>
    <ClCompile Include="src\clHCA.cpp">
      <Filter>源文件</Filter>
    </ClCompile>
    <ClCompile Include="src\download.cpp">
      <Filter>源文件</Filter>
    </ClCompile>
    <ClCompile Include="src\lz4.cpp">
      <Filter>源文件</Filter>
    </ClCompile>
    <ClCompile Include="lib\ACBExtractor\ACBExtractor.cpp">
      <Filter>源文件</Filter>
    </ClCompile>
    <ClCompile Include="lib\ACBExtractor\AFSArchive.cpp">
      <Filter>源文件</Filter>
    </ClCompile>
    <ClCompile Include="lib\ACBExtractor\Reader.cpp">
      <Filter>源文件</Filter>
    </ClCompile>
    <ClCompile Include="lib\ACBExtractor\TrackList.cpp">
      <Filter>源文件</Filter>
    </ClCompile>
    <ClCompile Include="lib\ACBExtractor\UTFTable.cpp">
      <Filter>源文件</Filter>
    </ClCompile>
    <ClCompile Include="lib\sqlite3\sqlite3.c">
      <Filter>源文件</Filter>
    </ClCompile>
    <ClCompile Include="lib\jstype\JSBuffer.cpp">
      <Filter>源文件</Filter>
    </ClCompile>
    <ClCompile Include="lib\jstype\JSMath.cpp">
      <Filter>源文件</Filter>
    </ClCompile>
    <ClCompile Include="lib\jstype\JSString.cpp">
      <Filter>源文件</Filter>
    </ClCompile>
    <ClCompile Include="lib\jstype\path.cpp">
      <Filter>源文件</Filter>
    </ClCompile>
    <ClCompile Include="lib\jstype\console.cpp">
      <Filter>源文件</Filter>
    </ClCompile>
    <ClCompile Include="lib\jstype\fs.cpp">
      <Filter>源文件</Filter>
    </ClCompile>
    <ClCompile Include="lib\jstype\base64\decode.c">
      <Filter>源文件</Filter>
    </ClCompile>
    <ClCompile Include="lib\jstype\base64\encode.c">
      <Filter>源文件</Filter>
    </ClCompile>
    <ClCompile Include="lib\jstype\Date.cpp">
      <Filter>源文件</Filter>
    </ClCompile>
    <ClCompile Include="lib\jstype\jsprocess.cpp">
      <Filter>源文件</Filter>
    </ClCompile>
    <ClCompile Include="lib\jstype\ObjectId.cpp">
      <Filter>源文件</Filter>
    </ClCompile>
    <ClCompile Include="lib\jstype\Uuid.cpp">
      <Filter>源文件</Filter>
    </ClCompile>
  </ItemGroup>
  <ItemGroup>
    <ClInclude Include="lib\sha1\sha1.h">
      <Filter>头文件</Filter>
    </ClInclude>
    <ClInclude Include="lib\md5\md5.h">
      <Filter>头文件</Filter>
    </ClInclude>
    <ClInclude Include="lib\json\json.hpp">
      <Filter>头文件</Filter>
    </ClInclude>
    <ClInclude Include="lib\curl\curl.h">
      <Filter>头文件</Filter>
    </ClInclude>
    <ClInclude Include="lib\curl\curlver.h">
      <Filter>头文件</Filter>
    </ClInclude>
    <ClInclude Include="lib\curl\easy.h">
      <Filter>头文件</Filter>
    </ClInclude>
    <ClInclude Include="lib\curl\mprintf.h">
      <Filter>头文件</Filter>
    </ClInclude>
    <ClInclude Include="lib\curl\multi.h">
      <Filter>头文件</Filter>
    </ClInclude>
    <ClInclude Include="lib\curl\stdcheaders.h">
      <Filter>头文件</Filter>
    </ClInclude>
    <ClInclude Include="lib\curl\system.h">
      <Filter>头文件</Filter>
    </ClInclude>
    <ClInclude Include="lib\curl\typecheck-gcc.h">
      <Filter>头文件</Filter>
    </ClInclude>
    <ClInclude Include="lib\curl\urlapi.h">
      <Filter>头文件</Filter>
    </ClInclude>
    <ClInclude Include="lib\aes\aes.hpp">
      <Filter>头文件</Filter>
    </ClInclude>
    <ClInclude Include="src\ApiClient.h">
      <Filter>头文件</Filter>
    </ClInclude>
    <ClInclude Include="lib\aes\aes.h">
      <Filter>头文件</Filter>
    </ClInclude>
    <ClInclude Include="src\CGSSAssetsDownloader.h">
      <Filter>头文件</Filter>
    </ClInclude>
    <ClInclude Include="src\clHCA.h">
      <Filter>头文件</Filter>
    </ClInclude>
    <ClInclude Include="src\download.h">
      <Filter>头文件</Filter>
    </ClInclude>
    <ClInclude Include="src\lz4.h">
      <Filter>头文件</Filter>
    </ClInclude>
    <ClInclude Include="lib\sqlite3\sqlite3.h">
      <Filter>头文件</Filter>
    </ClInclude>
    <ClInclude Include="lib\sqlite3\sqlite3ext.h">
      <Filter>头文件</Filter>
    </ClInclude>
    <ClInclude Include="lib\lame\lame.h">
      <Filter>头文件</Filter>
    </ClInclude>
    <ClInclude Include="lib\jstype\JSArray.hpp">
      <Filter>头文件</Filter>
    </ClInclude>
    <ClInclude Include="lib\jstype\JSBuffer.h">
      <Filter>头文件</Filter>
    </ClInclude>
    <ClInclude Include="lib\jstype\JSMath.h">
      <Filter>头文件</Filter>
    </ClInclude>
    <ClInclude Include="lib\jstype\JSString.h">
      <Filter>头文件</Filter>
    </ClInclude>
    <ClInclude Include="lib\jstype\path.h">
      <Filter>头文件</Filter>
    </ClInclude>
    <ClInclude Include="lib\jstype\console.h">
      <Filter>头文件</Filter>
    </ClInclude>
    <ClInclude Include="lib\jstype\fs.h">
      <Filter>头文件</Filter>
    </ClInclude>
    <ClInclude Include="lib\jstype\base64\b64.h">
      <Filter>头文件</Filter>
    </ClInclude>
    <ClInclude Include="lib\jstype\Date.h">
      <Filter>头文件</Filter>
    </ClInclude>
    <ClInclude Include="lib\jstype\JSObject.hpp">
      <Filter>头文件</Filter>
    </ClInclude>
    <ClInclude Include="lib\jstype\jsprocess.h">
      <Filter>头文件</Filter>
    </ClInclude>
    <ClInclude Include="lib\jstype\ObjectId.h">
      <Filter>头文件</Filter>
    </ClInclude>
    <ClInclude Include="lib\jstype\Uuid.h">
      <Filter>头文件</Filter>
    </ClInclude>
  </ItemGroup>
</Project>